speakeasyVersion: 1.420.0
sources:
    petstore-oas:
        sourceNamespace: petstore-oas
        sourceRevisionDigest: sha256:f7d495686d8476a21fbf72e6a3a8cb4e74ab6a349fc0616d82c9371db7b785ba
        sourceBlobDigest: sha256:aec4e371b3397025abfe38adf555c1795bcbe1f0eb164d0a4ea68368ab276089
        tags:
            - latest
targets:
    petstore:
        source: petstore-oas
        sourceNamespace: petstore-oas
        sourceRevisionDigest: sha256:f7d495686d8476a21fbf72e6a3a8cb4e74ab6a349fc0616d82c9371db7b785ba
        sourceBlobDigest: sha256:aec4e371b3397025abfe38adf555c1795bcbe1f0eb164d0a4ea68368ab276089
workflow:
    workflowVersion: 1.0.0
    speakeasyVersion: latest
    sources:
        petstore-oas:
            inputs:
                - location: openapi.yaml
            registry:
                location: registry.speakeasyapi.dev/candidate-test/candidate-test/petstore-oas
    targets:
        petstore:
            target: python
            source: petstore-oas
